
Microsoft Visual Studio Solution File, Format Version 11.00
# Visual Studio 2010
Project("{FAE04EC0-301F-11D3-BF4B-00C04F79EFBC}") = "Assembly-CSharp", "Assembly-CSharp.csproj", "{b8cd0ef1-3f5e-fd90-bd5d-0d6d800e8718}"
EndProject
Project("{FAE04EC0-301F-11D3-BF4B-00C04F79EFBC}") = "Assembly-CSharp-Editor", "Assembly-CSharp-Editor.csproj", "{9825fbce-6c34-a2a7-db4c-854a26227223}"
EndProject
Global
	GlobalSection(SolutionConfigurationPlatforms) = preSolution
		Debug|Any CPU = Debug|Any CPU
	EndGlobalSection
	GlobalSection(ProjectConfigurationPlatforms) = postSolution
		{b8cd0ef1-3f5e-fd90-bd5d-0d6d800e8718}.Debug|Any CPU.ActiveCfg = Debug|Any CPU
		{b8cd0ef1-3f5e-fd90-bd5d-0d6d800e8718}.Debug|Any CPU.Build.0 = Debug|Any CPU
		{9825fbce-6c34-a2a7-db4c-854a26227223}.Debug|Any CPU.ActiveCfg = Debug|Any CPU
		{9825fbce-6c34-a2a7-db4c-854a26227223}.Debug|Any CPU.Build.0 = Debug|Any CPU
	EndGlobalSection
	GlobalSection(SolutionProperties) = preSolution
		HideSolutionNode = FALSE
	EndGlobalSection
EndGlobal
